
Microsoft Visual Studio Solution File, Format Version 12.00
Project("{FAE04EC0-301F-11D3-BF4B-00C04F79EFBC}") = "Protocol", "Protocol\Protocol.csproj", "{17B538F4-227F-436B-A336-E3A03B32C319}"
EndProject
Project("{FAE04EC0-301F-11D3-BF4B-00C04F79EFBC}") = "Demo", "Demo\Demo.csproj", "{1D8B86D9-99EE-4F38-B50A-79B5DE000607}"
EndProject
Global
	GlobalSection(SolutionConfigurationPlatforms) = preSolution
		Debug|Any CPU = Debug|Any CPU
		Release|Any CPU = Release|Any CPU
	EndGlobalSection
	GlobalSection(ProjectConfigurationPlatforms) = postSolution
		{17B538F4-227F-436B-A336-E3A03B32C319}.Debug|Any CPU.ActiveCfg = Debug|Any CPU
		{17B538F4-227F-436B-A336-E3A03B32C319}.Debug|Any CPU.Build.0 = Debug|Any CPU
		{17B538F4-227F-436B-A336-E3A03B32C319}.Release|Any CPU.ActiveCfg = Release|Any CPU
		{17B538F4-227F-436B-A336-E3A03B32C319}.Release|Any CPU.Build.0 = Release|Any CPU
		{1D8B86D9-99EE-4F38-B50A-79B5DE000607}.Debug|Any CPU.ActiveCfg = Debug|Any CPU
		{1D8B86D9-99EE-4F38-B50A-79B5DE000607}.Debug|Any CPU.Build.0 = Debug|Any CPU
		{1D8B86D9-99EE-4F38-B50A-79B5DE000607}.Release|Any CPU.ActiveCfg = Release|Any CPU
		{1D8B86D9-99EE-4F38-B50A-79B5DE000607}.Release|Any CPU.Build.0 = Release|Any CPU
	EndGlobalSection
EndGlobal
